PODS:
  - AFNetworking/NSURLSession (4.0.1):
    - AFNetworking/Reachability
    - AFNetworking/Security
    - AFNetworking/Serialization
  - AFNetworking/Reachability (4.0.1)
  - AFNetworking/Security (4.0.1)
  - AFNetworking/Serialization (4.0.1)
  - Bugly (2.5.90)
  - FMDB/SQLCipher (2.7.5):
    - SQLCipher
  - FTIndicator (1.2.9):
    - FTIndicator/FTNotificationIndicator (= 1.2.9)
    - FTIndicator/FTProgressIndicator (= 1.2.9)
    - FTIndicator/FTToastIndicator (= 1.2.9)
  - FTIndicator/FTNotificationIndicator (1.2.9)
  - FTIndicator/FTProgressIndicator (1.2.9)
  - FTIndicator/FTToastIndicator (1.2.9)
  - HMSegmentedControl (1.5.6)
  - IQKeyboardManager (6.5.6)
  - Masonry (1.1.0)
  - MBProgressHUD (1.1.0)
  - MJExtension (3.2.4)
  - MJRefresh (3.5.0)
  - MQTTClient (0.15.3):
    - MQTTClient/Core (= 0.15.3)
  - MQTTClient/Core (0.15.3):
    - MQTTClient/Manager
    - MQTTClient/Min
  - MQTTClient/Manager (0.15.3):
    - MQTTClient/Min
  - MQTTClient/Min (0.15.3)
  - ReactiveObjC (3.1.1)
  - SAMKeychain (1.5.3)
  - SDWebImage (5.0.6):
    - SDWebImage/Core (= 5.0.6)
  - SDWebImage/Core (5.0.6)
  - SQLCipher (4.4.3):
    - SQLCipher/standard (= 4.4.3)
  - SQLCipher/common (4.4.3)
  - SQLCipher/standard (4.4.3):
    - SQLCipher/common
  - ti_oad (1.0.1)
  - TRCustomAlert (0.2.6):
    - Masonry
  - WechatOpenSDK (1.8.7.1)
  - XLForm (4.3.0)
  - YBImageBrowser (2.1.7):
    - SDWebImage (~> 5.0.0)
    - YYImage
  - YYImage (1.0.4):
    - YYImage/Core (= 1.0.4)
  - YYImage/Core (1.0.4)

DEPENDENCIES:
  - "AFNetworking/NSURLSession (from `git@192.168.2.250:zhushiqi/AFNetworking.git`)"
  - "AFNetworking/Reachability (from `git@192.168.2.250:zhushiqi/AFNetworking.git`)"
  - "AFNetworking/Security (from `git@192.168.2.250:zhushiqi/AFNetworking.git`)"
  - "AFNetworking/Serialization (from `git@192.168.2.250:zhushiqi/AFNetworking.git`)"
  - Bugly
  - FMDB/SQLCipher
  - FTIndicator
  - HMSegmentedControl
  - IQKeyboardManager
  - Masonry
  - MBProgressHUD (~> 1.1.0)
  - MJExtension
  - MJRefresh
  - MQTTClient
  - ReactiveObjC (~> 3.1.1)
  - SAMKeychain
  - SDWebImage (~> 5.0.1)
  - ti_oad
  - TRCustomAlert
  - WechatOpenSDK
  - XLForm
  - YBImageBrowser (~> 2.1.4)

SPEC REPOS:
  trunk:
    - Bugly
    - FMDB
    - FTIndicator
    - HMSegmentedControl
    - IQKeyboardManager
    - Masonry
    - MBProgressHUD
    - MJExtension
    - MJRefresh
    - MQTTClient
    - ReactiveObjC
    - SAMKeychain
    - SDWebImage
    - SQLCipher
    - ti_oad
    - TRCustomAlert
    - WechatOpenSDK
    - XLForm
    - YBImageBrowser
    - YYImage

EXTERNAL SOURCES:
  AFNetworking:
    :git: "git@192.168.2.250:zhushiqi/AFNetworking.git"

CHECKOUT OPTIONS:
  AFNetworking:
    :commit: 7174f7215096d000c3de167ae6ba9852db68485f
    :git: "git@192.168.2.250:zhushiqi/AFNetworking.git"

SPEC CHECKSUMS:
  AFNetworking: 7864c38297c79aaca1500c33288e429c3451fdce
  Bugly: 88bc32c0acc6fef7b74d610f0319ee7560d6b9fe
  FMDB: 2ce00b547f966261cd18927a3ddb07cb6f3db82a
  FTIndicator: f7f071fd159e5befa1d040a9ef2e3ab53fa9322c
  HMSegmentedControl: 34c1f54d822d8308e7b24f5d901ec674dfa31352
  IQKeyboardManager: 2a6e97afdafc7becf0cb17a9a8d795e3a980717f
  Masonry: 678fab65091a9290e40e2832a55e7ab731aad201
  MBProgressHUD: e7baa36a220447d8aeb12769bf0585582f3866d9
  MJExtension: 88e0900751b6cac8de1cf724ca9838a0b28d5acb
  MJRefresh: 6afc955813966afb08305477dd7a0d9ad5e79a16
  MQTTClient: 0dfa04e789479c2e461786464969895c1fcb0875
  ReactiveObjC: 011caa393aa0383245f2dcf9bf02e86b80b36040
  SAMKeychain: 483e1c9f32984d50ca961e26818a534283b4cd5c
  SDWebImage: 920f1a2ff1ca8296ad34f6e0510a1ef1d70ac965
  SQLCipher: 155ffeafc9ac102e5c9b68e3e9a1297a98a27096
  ti_oad: 5d364ac5b39330eef1eef12c5bc076d8930ac36a
  TRCustomAlert: d6ce05486fdb205e41dae9da515522f6214e2ee8
  WechatOpenSDK: 6a4d1436c15b3b5fe2a0bd383f3046010186da44
  XLForm: a439f9512078ed538e8335c8b06d3f3286bbfd37
  YBImageBrowser: 26bb62ae7ba7fef423085d431637d16fb58a6cbd
  YYImage: 1e1b62a9997399593e4b9c4ecfbbabbf1d3f3b54

PODFILE CHECKSUM: 1f553d40fdd13c3b5b85a85a5ece6294adb7fb8e

COCOAPODS: 1.10.1
